# This file is automatically @generated by Cargo.
# It is not intended for manual editing.
version = 3

[[package]]
name = "even_fibonacci_numbers"
version = "0.1.0"

[[package]]
name = "largest_palindrome_product"
version = "0.1.0"

[[package]]
name = "largest_prime_factor"
version = "0.1.0"

[[package]]
name = "multiples_of_3_or_5"
version = "0.1.0"

[[package]]
name = "sum_square_difference"
version = "0.1.0"
